// !$*UTF8*$!
{
	archiveVersion = 1;
	classes = {
	};
	objectVersion = 50;
	objects = {

/* Begin PBXBuildFile section */
		B3EF1834722972E23D785008 /* Pods_FlixMovieProject.framework in Frameworks */ = {isa = PBXBuildFile; fileRef = A97BD6945637F77811891C06 /* Pods_FlixMovieProject.framework */; };
		D239548E2220DA5600A79237 /* MoviesDetailViewController.swift in Sources */ = {isa = PBXBuildFile; fileRef = D239548D2220DA5600A79237 /* MoviesDetailViewController.swift */; };
		D23954902221D02C00A79237 /* MovieGridViewController.swift in Sources */ = {isa = PBXBuildFile; fileRef = D239548F2221D02C00A79237 /* MovieGridViewController.swift */; };
		D23954922221D60100A79237 /* MovieGridCell.swift in Sources */ = {isa = PBXBuildFile; fileRef = D23954912221D60100A79237 /* MovieGridCell.swift */; };
		D239549A2221E94800A79237 /* DetailViewController.swift in Sources */ = {isa = PBXBuildFile; fileRef = D23954992221E94800A79237 /* DetailViewController.swift */; };
		D2C73D59221C64BC00505C4D /* AppDelegate.swift in Sources */ = {isa = PBXBuildFile; fileRef = D2C73D58221C64BC00505C4D /* AppDelegate.swift */; };
		D2C73D5E221C64BC00505C4D /* Main.storyboard in Resources */ = {isa = PBXBuildFile; fileRef = D2C73D5C221C64BC00505C4D /* Main.storyboard */; };
		D2C73D60221C64BD00505C4D /* Assets.xcassets in Resources */ = {isa = PBXBuildFile; fileRef = D2C73D5F221C64BD00505C4D /* Assets.xcassets */; };
		D2C73D63221C64BD00505C4D /* LaunchScreen.storyboard in Resources */ = {isa = PBXBuildFile; fileRef = D2C73D61221C64BD00505C4D /* LaunchScreen.storyboard */; };
		D2C73D6B221C6A2A00505C4D /* MoviesViewController.swift in Sources */ = {isa = PBXBuildFile; fileRef = D2C73D6A221C6A2A00505C4D /* MoviesViewController.swift */; };
		D2C73D6F221C79C700505C4D /* MovieCell.swift in Sources */ = {isa = PBXBuildFile; fileRef = D2C73D6E221C79C700505C4D /* MovieCell.swift */; };
/* End PBXBuildFile section */

/* Begin PBXFileReference section */
		1F1B854B3114D58B297D5C23 /* Pods-FlixMovieProject.debug.xcconfig */ = {isa = PBXFileReference; includeInIndex = 1; lastKnownFileType = text.xcconfig; name = "Pods-FlixMovieProject.debug.xcconfig"; path = "Target Support Files/Pods-FlixMovieProject/Pods-FlixMovieProject.debug.xcconfig"; sourceTree = "<group>"; };
		89485B4D620B4BCB14E7F097 /* Pods-FlixMovieProject.release.xcconfig */ = {isa = PBXFileReference; includeInIndex = 1; lastKnownFileType = text.xcconfig; name = "Pods-FlixMovieProject.release.xcconfig"; path = "Target Support Files/Pods-FlixMovieProject/Pods-FlixMovieProject.release.xcconfig"; sourceTree = "<group>"; };
		A97BD6945637F77811891C06 /* Pods_FlixMovieProject.framework */ = {isa = PBXFileReference; explicitFileType = wrapper.framework; includeInIndex = 0; path = Pods_FlixMovieProject.framework; sourceTree = BUILT_PRODUCTS_DIR; };
		D239548D2220DA5600A79237 /* MoviesDetailViewController.swift */ = {isa = PBXFileReference; lastKnownFileType = sourcecode.swift; path = MoviesDetailViewController.swift; sourceTree = "<group>"; };
		D239548F2221D02C00A79237 /* MovieGridViewController.swift */ = {isa = PBXFileReference; lastKnownFileType = sourcecode.swift; path = MovieGridViewController.swift; sourceTree = "<group>"; };
		D23954912221D60100A79237 /* MovieGridCell.swift */ = {isa = PBXFileReference; lastKnownFileType = sourcecode.swift; path = MovieGridCell.swift; sourceTree = "<group>"; };
		D23954992221E94800A79237 /* DetailViewController.swift */ = {isa = PBXFileReference; lastKnownFileType = sourcecode.swift; path = DetailViewController.swift; sourceTree = "<group>"; };
		D2C73D55221C64BC00505C4D /* FlixMovieProject.app */ = {isa = PBXFileReference; explicitFileType = wrapper.application; includeInIndex = 0; path = FlixMovieProject.app; sourceTree = BUILT_PRODUCTS_DIR; };
		D2C73D58221C64BC00505C4D /* AppDelegate.swift */ = {isa = PBXFileReference; lastKnownFileType = sourcecode.swift; path = AppDelegate.swift; sourceTree = "<group>"; };
		D2C73D5D221C64BC00505C4D /* Base */ = {isa = PBXFileReference; lastKnownFileType = file.storyboard; name = Base; path = Base.lproj/Main.storyboard; sourceTree = "<group>"; };
		D2C73D5F221C64BD00505C4D /* Assets.xcassets */ = {isa = PBXFileReference; lastKnownFileType = folder.assetcatalog; path = Assets.xcassets; sourceTree = "<group>"; };
		D2C73D62221C64BD00505C4D /* Base */ = {isa = PBXFileReference; lastKnownFileType = file.storyboard; name = Base; path = Base.lproj/LaunchScreen.storyboard; sourceTree = "<group>"; };
		D2C73D64221C64BD00505C4D /* Info.plist */ = {isa = PBXFileReference; lastKnownFileType = text.plist.xml; path = Info.plist; sourceTree = "<group>"; };
		D2C73D6A221C6A2A00505C4D /* MoviesViewController.swift */ = {isa = PBXFileReference; lastKnownFileType = sourcecode.swift; path = MoviesViewController.swift; sourceTree = "<group>"; };
		D2C73D6E221C79C700505C4D /* MovieCell.swift */ = {isa = PBXFileReference; lastKnownFileType = sourcecode.swift; path = MovieCell.swift; sourceTree = "<group>"; };
/* End PBXFileReference section */

/* Begin PBXFrameworksBuildPhase section */
		D2C73D52221C64BC00505C4D /* Frameworks */ = {
			isa = PBXFrameworksBuildPhase;
			buildActionMask = 2147483647;
			files = (
				B3EF1834722972E23D785008 /* Pods_FlixMovieProject.framework in Frameworks */,
			);
			runOnlyForDeploymentPostprocessing = 0;
		};
/* End PBXFrameworksBuildPhase section */

/* Begin PBXGroup section */
		A3EA646DD27AA17EBEC1604D /* Frameworks */ = {
			isa = PBXGroup;
			children = (
				A97BD6945637F77811891C06 /* Pods_FlixMovieProject.framework */,
			);
			name = Frameworks;
			sourceTree = "<group>";
		};
		D2C73D4C221C64BC00505C4D = {
			isa = PBXGroup;
			children = (
				D2C73D57221C64BC00505C4D /* FlixMovieProject */,
				D2C73D56221C64BC00505C4D /* Products */,
				FFF1D20A1E9C66DB83A18290 /* Pods */,
				A3EA646DD27AA17EBEC1604D /* Frameworks */,
			);
			sourceTree = "<group>";
		};
		D2C73D56221C64BC00505C4D /* Products */ = {
			isa = PBXGroup;
			children = (
				D2C73D55221C64BC00505C4D /* FlixMovieProject.app */,
			);
			name = Products;
			sourceTree = "<group>";
		};
		D2C73D57221C64BC00505C4D /* FlixMovieProject */ = {
			isa = PBXGroup;
			children = (
				D2C73D58221C64BC00505C4D /* AppDelegate.swift */,
				D2C73D5C221C64BC00505C4D /* Main.storyboard */,
				D2C73D5F221C64BD00505C4D /* Assets.xcassets */,
				D2C73D61221C64BD00505C4D /* LaunchScreen.storyboard */,
				D2C73D64221C64BD00505C4D /* Info.plist */,
				D2C73D6A221C6A2A00505C4D /* MoviesViewController.swift */,
				D2C73D6E221C79C700505C4D /* MovieCell.swift */,
				D239548D2220DA5600A79237 /* MoviesDetailViewController.swift */,
				D239548F2221D02C00A79237 /* MovieGridViewController.swift */,
				D23954912221D60100A79237 /* MovieGridCell.swift */,
				D23954992221E94800A79237 /* DetailViewController.swift */,
			);
			path = FlixMovieProject;
			sourceTree = "<group>";
		};
		FFF1D20A1E9C66DB83A18290 /* Pods */ = {
			isa = PBXGroup;
			children = (
				1F1B854B3114D58B297D5C23 /* Pods-FlixMovieProject.debug.xcconfig */,
				89485B4D620B4BCB14E7F097 /* Pods-FlixMovieProject.release.xcconfig */,
			);
			path = Pods;
			sourceTree = "<group>";
		};
/* End PBXGroup section */

/* Begin PBXNativeTarget section */
		D2C73D54221C64BC00505C4D /* FlixMovieProject */ = {
			isa = PBXNativeTarget;
			buildConfigurationList = D2C73D67221C64BD00505C4D /* Build configuration list for PBXNativeTarget "FlixMovieProject" */;
			buildPhases = (
				1EFDB9ED17B5513FE88A5C88 /* [CP] Check Pods Manifest.lock */,
				D2C73D51221C64BC00505C4D /* Sources */,
				D2C73D52221C64BC00505C4D /* Frameworks */,
				D2C73D53221C64BC00505C4D /* Resources */,
				0F7FF1E6A0FDD6CE1AF6F117 /* [CP] Embed Pods Frameworks */,
			);
			buildRules = (
			);
			dependencies = (
			);
			name = FlixMovieProject;
			productName = FlixMovieProject;
			productReference = D2C73D55221C64BC00505C4D /* FlixMovieProject.app */;
			productType = "com.apple.product-type.application";
		};
/* End PBXNativeTarget section */

/* Begin PBXProject section */
		D2C73D4D221C64BC00505C4D /* Project object */ = {
			isa = PBXProject;
			attributes = {
				LastSwiftUpdateCheck = 1010;
				LastUpgradeCheck = 1010;
				ORGANIZATIONNAME = "Joseph Sylvanovich";
				TargetAttributes = {
					D2C73D54221C64BC00505C4D = {
						CreatedOnToolsVersion = 10.1;
					};
				};
			};
			buildConfigurationList = D2C73D50221C64BC00505C4D /* Build configuration list for PBXProject "FlixMovieProject" */;
			compatibilityVersion = "Xcode 9.3";
			developmentRegion = en;
			hasScannedForEncodings = 0;
			knownRegions = (
				en,
				Base,
			);
			mainGroup = D2C73D4C221C64BC00505C4D;
			productRefGroup = D2C73D56221C64BC00505C4D /* Products */;
			projectDirPath = "";
			projectRoot = "";
			targets = (
				D2C73D54221C64BC00505C4D /* FlixMovieProject */,
			);
		};
/* End PBXProject section */

/* Begin PBXResourcesBuildPhase section */
		D2C73D53221C64BC00505C4D /* Resources */ = {
			isa = PBXResourcesBuildPhase;
			buildActionMask = 2147483647;
			files = (
				D2C73D63221C64BD00505C4D /* LaunchScreen.storyboard in Resources */,
				D2C73D60221C64BD00505C4D /* Assets.xcassets in Resources */,
				D2C73D5E221C64BC00505C4D /* Main.storyboard in Resources */,
			);
			runOnlyForDeploymentPostprocessing = 0;
		};
/* End PBXResourcesBuildPhase section */

/* Begin PBXShellScriptBuildPhase section */
		0F7FF1E6A0FDD6CE1AF6F117 /* [CP] Embed Pods Frameworks */ = {
			isa = PBXShellScriptBuildPhase;
			buildActionMask = 2147483647;
			files = (
			);
			inputFileListPaths = (
			);
			inputPaths = (
				"${PODS_ROOT}/Target Support Files/Pods-FlixMovieProject/Pods-FlixMovieProject-frameworks.sh",
				"${BUILT_PRODUCTS_DIR}/Alamofire/Alamofire.framework",
				"${BUILT_PRODUCTS_DIR}/AlamofireImage/AlamofireImage.framework",
			);
			name = "[CP] Embed Pods Frameworks";
			outputFileListPaths = (
			);
			outputPaths = (
				"${TARGET_BUILD_DIR}/${FRAMEWORKS_FOLDER_PATH}/Alamofire.framework",
				"${TARGET_BUILD_DIR}/${FRAMEWORKS_FOLDER_PATH}/AlamofireImage.framework",
			);
			runOnlyForDeploymentPostprocessing = 0;
			shellPath = /bin/sh;
			shellScript = "\"${PODS_ROOT}/Target Support Files/Pods-FlixMovieProject/Pods-FlixMovieProject-frameworks.sh\"\n";
			showEnvVarsInLog = 0;
		};
		1EFDB9ED17B5513FE88A5C88 /* [CP] Check Pods Manifest.lock */ = {
			isa = PBXShellScriptBuildPhase;
			buildActionMask = 2147483647;
			files = (
			);
			inputFileListPaths = (
			);
			inputPaths = (
				"${PODS_PODFILE_DIR_PATH}/Podfile.lock",
				"${PODS_ROOT}/Manifest.lock",
			);
			name = "[CP] Check Pods Manifest.lock";
			outputFileListPaths = (
			);
			outputPaths = (
				"$(DERIVED_FILE_DIR)/Pods-FlixMovieProject-checkManifestLockResult.txt",
			);
			runOnlyForDeploymentPostprocessing = 0;
			shellPath = /bin/sh;
			shellScript = "diff \"${PODS_PODFILE_DIR_PATH}/Podfile.lock\" \"${PODS_ROOT}/Manifest.lock\" > /dev/null\nif [ $? != 0 ] ; then\n    # print error to STDERR\n    echo \"error: The sandbox is not in sync with the Podfile.lock. Run 'pod install' or update your CocoaPods installation.\" >&2\n    exit 1\nfi\n# This output is used by Xcode 'outputs' to avoid re-running this script phase.\necho \"SUCCESS\" > \"${SCRIPT_OUTPUT_FILE_0}\"\n";
			showEnvVarsInLog = 0;
		};
/* End PBXShellScriptBuildPhase section */

/* Begin PBXSourcesBuildPhase section */
		D2C73D51221C64BC00505C4D /* Sources */ = {
			isa = PBXSourcesBuildPhase;
			buildActionMask = 2147483647;
			files = (
				D23954902221D02C00A79237 /* MovieGridViewController.swift in Sources */,
				D239548E2220DA5600A79237 /* MoviesDetailViewController.swift in Sources */,
				D2C73D59221C64BC00505C4D /* AppDelegate.swift in Sources */,
				D2C73D6B221C6A2A00505C4D /* MoviesViewController.swift in Sources */,
				D23954922221D60100A79237 /* MovieGridCell.swift in Sources */,
				D2C73D6F221C79C700505C4D /* MovieCell.swift in Sources */,
				D239549A2221E94800A79237 /* DetailViewController.swift in Sources */,
			);
			runOnlyForDeploymentPostprocessing = 0;
		};
/* End PBXSourcesBuildPhase section */

/* Begin PBXVariantGroup section */
		D2C73D5C221C64BC00505C4D /* Main.storyboard */ = {
			isa = PBXVariantGroup;
			children = (
				D2C73D5D221C64BC00505C4D /* Base */,
			);
			name = Main.storyboard;
			sourceTree = "<group>";
		};
		D2C73D61221C64BD00505C4D /* LaunchScreen.storyboard */ = {
			isa = PBXVariantGroup;
			children = (
				D2C73D62221C64BD00505C4D /* Base */,
			);
			name = LaunchScreen.storyboard;
			sourceTree = "<group>";
		};
/* End PBXVariantGroup section */

/* Begin XCBuildConfiguration section */
		D2C73D65221C64BD00505C4D /* Debug */ = {
			isa = XCBuildConfiguration;
			buildSettings = {
				ALWAYS_SEARCH_USER_PATHS = NO;
				CLANG_ANALYZER_NONNULL = YES;
				CLANG_ANALYZER_NUMBER_OBJECT_CONVERSION = YES_AGGRESSIVE;
				CLANG_CXX_LANGUAGE_STANDARD = "gnu++14";
				CLANG_CXX_LIBRARY = "libc++";
				CLANG_ENABLE_MODULES = YES;
				CLANG_ENABLE_OBJC_ARC = YES;
				CLANG_ENABLE_OBJC_WEAK = YES;
				CLANG_WARN_BLOCK_CAPTURE_AUTORELEASING = YES;
				CLANG_WARN_BOOL_CONVERSION = YES;
				CLANG_WARN_COMMA = YES;
				CLANG_WARN_CONSTANT_CONVERSION = YES;
				CLANG_WARN_DEPRECATED_OBJC_IMPLEMENTATIONS = YES;
				CLANG_WARN_DIRECT_OBJC_ISA_USAGE = YES_ERROR;
				CLANG_WARN_DOCUMENTATION_COMMENTS = YES;
				CLANG_WARN_EMPTY_BODY = YES;
				CLANG_WARN_ENUM_CONVERSION = YES;
				CLANG_WARN_INFINITE_RECURSION = YES;
				CLANG_WARN_INT_CONVERSION = YES;
				CLANG_WARN_NON_LITERAL_NULL_CONVERSION = YES;
				CLANG_WARN_OBJC_IMPLICIT_RETAIN_SELF = YES;
				CLANG_WARN_OBJC_LITERAL_CONVERSION = YES;
				CLANG_WARN_OBJC_ROOT_CLASS = YES_ERROR;
				CLANG_WARN_RANGE_LOOP_ANALYSIS = YES;
				CLANG_WARN_STRICT_PROTOTYPES = YES;
				CLANG_WARN_SUSPICIOUS_MOVE = YES;
				CLANG_WARN_UNGUARDED_AVAILABILITY = YES_AGGRESSIVE;
				CLANG_WARN_UNREACHABLE_CODE = YES;
				CLANG_WARN__DUPLICATE_METHOD_MATCH = YES;
				CODE_SIGN_IDENTITY = "iPhone Developer";
				COPY_PHASE_STRIP = NO;
				DEBUG_INFORMATION_FORMAT = dwarf;
				ENABLE_STRICT_OBJC_MSGSEND = YES;
				ENABLE_TESTABILITY = YES;
				GCC_C_LANGUAGE_STANDARD = gnu11;
				GCC_DYNAMIC_NO_PIC = NO;
				GCC_NO_COMMON_BLOCKS = YES;
				GCC_OPTIMIZATION_LEVEL = 0;
				GCC_PREPROCESSOR_DEFINITIONS = (
					"DEBUG=1",
					"$(inherited)",
				);
				GCC_WARN_64_TO_32_BIT_CONVERSION = YES;
				GCC_WARN_ABOUT_RETURN_TYPE = YES_ERROR;
				GCC_WARN_UNDECLARED_SELECTOR = YES;
				GCC_WARN_UNINITIALIZED_AUTOS = YES_AGGRESSIVE;
				GCC_WARN_UNUSED_FUNCTION = YES;
				GCC_WARN_UNUSED_VARIABLE = YES;
				IPHONEOS_DEPLOYMENT_TARGET = 12.1;
				MTL_ENABLE_DEBUG_INFO = INCLUDE_SOURCE;
				MTL_FAST_MATH = YES;
				ONLY_ACTIVE_ARCH = YES;
				SDKROOT = iphoneos;
				SWIFT_ACTIVE_COMPILATION_CONDITIONS = DEBUG;
				SWIFT_OPTIMIZATION_LEVEL = "-Onone";
			};
			name = Debug;
		};
		D2C73D66221C64BD00505C4D /* Release */ = {
			isa = XCBuildConfiguration;
			buildSettings = {
				ALWAYS_SEARCH_USER_PATHS = NO;
				CLANG_ANALYZER_NONNULL = YES;
				CLANG_ANALYZER_NUMBER_OBJECT_CONVERSION = YES_AGGRESSIVE;
				CLANG_CXX_LANGUAGE_STANDARD = "gnu++14";
				CLANG_CXX_LIBRARY = "libc++";
				CLANG_ENABLE_MODULES = YES;
				CLANG_ENABLE_OBJC_ARC = YES;
				CLANG_ENABLE_OBJC_WEAK = YES;
				CLANG_WARN_BLOCK_CAPTURE_AUTORELEASING = YES;
				CLANG_WARN_BOOL_CONVERSION = YES;
				CLANG_WARN_COMMA = YES;
				CLANG_WARN_CONSTANT_CONVERSION = YES;
				CLANG_WARN_DEPRECATED_OBJC_IMPLEMENTATIONS = YES;
				CLANG_WARN_DIRECT_OBJC_ISA_USAGE = YES_ERROR;
				CLANG_WARN_DOCUMENTATION_COMMENTS = YES;
				CLANG_WARN_EMPTY_BODY = YES;
				CLANG_WARN_ENUM_CONVERSION = YES;
				CLANG_WARN_INFINITE_RECURSION = YES;
				CLANG_WARN_INT_CONVERSION = YES;
				CLANG_WARN_NON_LITERAL_NULL_CONVERSION = YES;
				CLANG_WARN_OBJC_IMPLICIT_RETAIN_SELF = YES;
				CLANG_WARN_OBJC_LITERAL_CONVERSION = YES;
				CLANG_WARN_OBJC_ROOT_CLASS = YES_ERROR;
				CLANG_WARN_RANGE_LOOP_ANALYSIS = YES;
				CLANG_WARN_STRICT_PROTOTYPES = YES;
				CLANG_WARN_SUSPICIOUS_MOVE = YES;
				CLANG_WARN_UNGUARDED_AVAILABILITY = YES_AGGRESSIVE;
				CLANG_WARN_UNREACHABLE_CODE = YES;
				CLANG_WARN__DUPLICATE_METHOD_MATCH = YES;
				CODE_SIGN_IDENTITY = "iPhone Developer";
				COPY_PHASE_STRIP = NO;
				DEBUG_INFORMATION_FORMAT = "dwarf-with-dsym";
				ENABLE_NS_ASSERTIONS = NO;
				ENABLE_STRICT_OBJC_MSGSEND = YES;
				GCC_C_LANGUAGE_STANDARD = gnu11;
				GCC_NO_COMMON_BLOCKS = YES;
				GCC_WARN_64_TO_32_BIT_CONVERSION = YES;
				GCC_WARN_ABOUT_RETURN_TYPE = YES_ERROR;
				GCC_WARN_UNDECLARED_SELECTOR = YES;
				GCC_WARN_UNINITIALIZED_AUTOS = YES_AGGRESSIVE;
				GCC_WARN_UNUSED_FUNCTION = YES;
				GCC_WARN_UNUSED_VARIABLE = YES;
				IPHONEOS_DEPLOYMENT_TARGET = 12.1;
				MTL_ENABLE_DEBUG_INFO = NO;
				MTL_FAST_MATH = YES;
				SDKROOT = iphoneos;
				SWIFT_COMPILATION_MODE = wholemodule;
				SWIFT_OPTIMIZATION_LEVEL = "-O";
				VALIDATE_PRODUCT = YES;
			};
			name = Release;
		};
		D2C73D68221C64BD00505C4D /* Debug */ = {
			isa = XCBuildConfiguration;
			baseConfigurationReference = 1F1B854B3114D58B297D5C23 /* Pods-FlixMovieProject.debug.xcconfig */;
			buildSettings = {
				ASSETCATALOG_COMPILER_APPICON_NAME = AppIcon;
				CODE_SIGN_STYLE = Automatic;
				DEVELOPMENT_TEAM = 6HVVT5P8GL;
				INFOPLIST_FILE = FlixMovieProject/Info.plist;
				LD_RUNPATH_SEARCH_PATHS = (
					"$(inherited)",
					"@executable_path/Frameworks",
				);
				PRODUCT_BUNDLE_IDENTIFIER = joseph.FlixMovieProject;
				PRODUCT_NAME = "$(TARGET_NAME)";
				SWIFT_VERSION = 4.2;
				TARGETED_DEVICE_FAMILY = "1,2";
			};
			name = Debug;
		};
		D2C73D69221C64BD00505C4D /* Release */ = {
			isa = XCBuildConfiguration;
			baseConfigurationReference = 89485B4D620B4BCB14E7F097 /* Pods-FlixMovieProject.release.xcconfig */;
			buildSettings = {
				ASSETCATALOG_COMPILER_APPICON_NAME = AppIcon;
				CODE_SIGN_STYLE = Automatic;
				DEVELOPMENT_TEAM = 6HVVT5P8GL;
				INFOPLIST_FILE = FlixMovieProject/Info.plist;
				LD_RUNPATH_SEARCH_PATHS = (
					"$(inherited)",
					"@executable_path/Frameworks",
				);
				PRODUCT_BUNDLE_IDENTIFIER = joseph.FlixMovieProject;
				PRODUCT_NAME = "$(TARGET_NAME)";
				SWIFT_VERSION = 4.2;
				TARGETED_DEVICE_FAMILY = "1,2";
			};
			name = Release;
		};
/* End XCBuildConfiguration section */

/* Begin XCConfigurationList section */
		D2C73D50221C64BC00505C4D /* Build configuration list for PBXProject "FlixMovieProject" */ = {
			isa = XCConfigurationList;
			buildConfigurations = (
				D2C73D65221C64BD00505C4D /* Debug */,
				D2C73D66221C64BD00505C4D /* Release */,
			);
			defaultConfigurationIsVisible = 0;
			defaultConfigurationName = Release;
		};
		D2C73D67221C64BD00505C4D /* Build configuration list for PBXNativeTarget "FlixMovieProject" */ = {
			isa = XCConfigurationList;
			buildConfigurations = (
				D2C73D68221C64BD00505C4D /* Debug */,
				D2C73D69221C64BD00505C4D /* Release */,
			);
			defaultConfigurationIsVisible = 0;
			defaultConfigurationName = Release;
		};
/* End XCConfigurationList section */
	};
	rootObject = D2C73D4D221C64BC00505C4D /* Project object */;
}
